
Microsoft Visual Studio Solution File, Format Version 12.00
# Visual Studio Version 17
VisualStudioVersion = 17.5.33530.505
MinimumVisualStudioVersion = 10.0.40219.1
Project("{9A19103F-16F7-4668-BE54-9A1E7A4F7556}") = "Api_parqueadero", "Api_parqueadero.csproj", "{61A589F8-4337-439B-94C7-67EF3FFA7832}"
EndProject
Global
	GlobalSection(SolutionConfigurationPlatforms) = preSolution
		Debug|Any CPU = Debug|Any CPU
		Release|Any CPU = Release|Any CPU
	EndGlobalSection
	GlobalSection(ProjectConfigurationPlatforms) = postSolution
		{61A589F8-4337-439B-94C7-67EF3FFA7832}.Debug|Any CPU.ActiveCfg = Debug|Any CPU
		{61A589F8-4337-439B-94C7-67EF3FFA7832}.Debug|Any CPU.Build.0 = Debug|Any CPU
		{61A589F8-4337-439B-94C7-67EF3FFA7832}.Release|Any CPU.ActiveCfg = Release|Any CPU
		{61A589F8-4337-439B-94C7-67EF3FFA7832}.Release|Any CPU.Build.0 = Release|Any CPU
	EndGlobalSection
	GlobalSection(SolutionProperties) = preSolution
		HideSolutionNode = FALSE
	EndGlobalSection
	GlobalSection(ExtensibilityGlobals) = postSolution
		SolutionGuid = {C909A900-6A57-4B3D-AF4B-29FA8D5B74F4}
	EndGlobalSection
EndGlobal
